
Microsoft Visual Studio Solution File, Format Version 12.00
# Visual Studio 15
VisualStudioVersion = 15.0.28307.168
MinimumVisualStudioVersion = 10.0.40219.1
Project("{FAE04EC0-301F-11D3-BF4B-00C04F79EFBC}") = "FinalVersion", "FinalVersion\FinalVersion.csproj", "{5BC7338F-A351-4AC2-B999-F415EB077079}"
EndProject
Global
	GlobalSection(SolutionConfigurationPlatforms) = preSolution
		Debug|Any CPU = Debug|Any CPU
		Release|Any CPU = Release|Any CPU
	EndGlobalSection
	GlobalSection(ProjectConfigurationPlatforms) = postSolution
		{5BC7338F-A351-4AC2-B999-F415EB077079}.Debug|Any CPU.ActiveCfg = Debug|Any CPU
		{5BC7338F-A351-4AC2-B999-F415EB077079}.Debug|Any CPU.Build.0 = Debug|Any CPU
		{5BC7338F-A351-4AC2-B999-F415EB077079}.Release|Any CPU.ActiveCfg = Release|Any CPU
		{5BC7338F-A351-4AC2-B999-F415EB077079}.Release|Any CPU.Build.0 = Release|Any CPU
	EndGlobalSection
	GlobalSection(SolutionProperties) = preSolution
		HideSolutionNode = FALSE
	EndGlobalSection
	GlobalSection(ExtensibilityGlobals) = postSolution
		SolutionGuid = {DEEEB329-64C2-4264-9928-596A86FE6023}
	EndGlobalSection
EndGlobal
